// !$*UTF8*$!
{
	archiveVersion = 1;
	classes = {
	};
	objectVersion = 56;
	objects = {

/* Begin PBXBuildFile section */
		9A3593DF2C1222F3008A83F4 /* AppDelegate.swift in Sources */ = {isa = PBXBuildFile; fileRef = 9A3593DE2C1222F3008A83F4 /* AppDelegate.swift */; };
		9A3593E12C1222F3008A83F4 /* SceneDelegate.swift in Sources */ = {isa = PBXBuildFile; fileRef = 9A3593E02C1222F3008A83F4 /* SceneDelegate.swift */; };
		9A3593E32C1222F3008A83F4 /* ViewController.swift in Sources */ = {isa = PBXBuildFile; fileRef = 9A3593E22C1222F3008A83F4 /* ViewController.swift */; };
		9A3593E62C1222F3008A83F4 /* Base in Resources */ = {isa = PBXBuildFile; fileRef = 9A3593E52C1222F3008A83F4 /* Base */; };
		9A3593E82C1222F4008A83F4 /* Assets.xcassets in Resources */ = {isa = PBXBuildFile; fileRef = 9A3593E72C1222F4008A83F4 /* Assets.xcassets */; };
		9A3593EB2C1222F4008A83F4 /* Base in Resources */ = {isa = PBXBuildFile; fileRef = 9A3593EA2C1222F4008A83F4 /* Base */; };
		9A3593F42C1223AD008A83F4 /* CurrencyRepository.swift in Sources */ = {isa = PBXBuildFile; fileRef = 9A3593F32C1223AD008A83F4 /* CurrencyRepository.swift */; };
		9A3593F82C12643A008A83F4 /* ExchangeRate.swift in Sources */ = {isa = PBXBuildFile; fileRef = 9A3593F72C12643A008A83F4 /* ExchangeRate.swift */; };
		9A3593FA2C12D8E4008A83F4 /* RatesResponse.swift in Sources */ = {isa = PBXBuildFile; fileRef = 9A3593F92C12D8E4008A83F4 /* RatesResponse.swift */; };
		9A75996A2C18E0C400CB3C3B /* TranslationRepository.swift in Sources */ = {isa = PBXBuildFile; fileRef = 9A7599692C18E0C400CB3C3B /* TranslationRepository.swift */; };
		9A75996C2C197DB300CB3C3B /* TranslationResponse.swift in Sources */ = {isa = PBXBuildFile; fileRef = 9A75996B2C197DB200CB3C3B /* TranslationResponse.swift */; };
/* End PBXBuildFile section */

/* Begin PBXFileReference section */
		9A3593DB2C1222F3008A83F4 /* voyage.app */ = {isa = PBXFileReference; explicitFileType = wrapper.application; includeInIndex = 0; path = voyage.app; sourceTree = BUILT_PRODUCTS_DIR; };
		9A3593DE2C1222F3008A83F4 /* AppDelegate.swift */ = {isa = PBXFileReference; lastKnownFileType = sourcecode.swift; path = AppDelegate.swift; sourceTree = "<group>"; };
		9A3593E02C1222F3008A83F4 /* SceneDelegate.swift */ = {isa = PBXFileReference; lastKnownFileType = sourcecode.swift; path = SceneDelegate.swift; sourceTree = "<group>"; };
		9A3593E22C1222F3008A83F4 /* ViewController.swift */ = {isa = PBXFileReference; lastKnownFileType = sourcecode.swift; path = ViewController.swift; sourceTree = "<group>"; };
		9A3593E52C1222F3008A83F4 /* Base */ = {isa = PBXFileReference; lastKnownFileType = file.storyboard; name = Base; path = Base.lproj/Main.storyboard; sourceTree = "<group>"; };
		9A3593E72C1222F4008A83F4 /* Assets.xcassets */ = {isa = PBXFileReference; lastKnownFileType = folder.assetcatalog; path = Assets.xcassets; sourceTree = "<group>"; };
		9A3593EA2C1222F4008A83F4 /* Base */ = {isa = PBXFileReference; lastKnownFileType = file.storyboard; name = Base; path = Base.lproj/LaunchScreen.storyboard; sourceTree = "<group>"; };
		9A3593EC2C1222F4008A83F4 /* Info.plist */ = {isa = PBXFileReference; lastKnownFileType = text.plist.xml; path = Info.plist; sourceTree = "<group>"; };
		9A3593F32C1223AD008A83F4 /* CurrencyRepository.swift */ = {isa = PBXFileReference; lastKnownFileType = sourcecode.swift; path = CurrencyRepository.swift; sourceTree = "<group>"; };
		9A3593F72C12643A008A83F4 /* ExchangeRate.swift */ = {isa = PBXFileReference; lastKnownFileType = sourcecode.swift; path = ExchangeRate.swift; sourceTree = "<group>"; };
		9A3593F92C12D8E4008A83F4 /* RatesResponse.swift */ = {isa = PBXFileReference; lastKnownFileType = sourcecode.swift; path = RatesResponse.swift; sourceTree = "<group>"; };
		9A7599692C18E0C400CB3C3B /* TranslationRepository.swift */ = {isa = PBXFileReference; lastKnownFileType = sourcecode.swift; path = TranslationRepository.swift; sourceTree = "<group>"; };
		9A75996B2C197DB200CB3C3B /* TranslationResponse.swift */ = {isa = PBXFileReference; lastKnownFileType = sourcecode.swift; path = TranslationResponse.swift; sourceTree = "<group>"; };
/* End PBXFileReference section */

/* Begin PBXFrameworksBuildPhase section */
		9A3593D82C1222F3008A83F4 /* Frameworks */ = {
			isa = PBXFrameworksBuildPhase;
			buildActionMask = 2147483647;
			files = (
			);
			runOnlyForDeploymentPostprocessing = 0;
		};
/* End PBXFrameworksBuildPhase section */

/* Begin PBXGroup section */
		9A3593D22C1222F3008A83F4 = {
			isa = PBXGroup;
			children = (
				9A3593DD2C1222F3008A83F4 /* voyage */,
				9A3593DC2C1222F3008A83F4 /* Products */,
			);
			sourceTree = "<group>";
		};
		9A3593DC2C1222F3008A83F4 /* Products */ = {
			isa = PBXGroup;
			children = (
				9A3593DB2C1222F3008A83F4 /* voyage.app */,
			);
			name = Products;
			sourceTree = "<group>";
		};
		9A3593DD2C1222F3008A83F4 /* voyage */ = {
			isa = PBXGroup;
			children = (
				9A3593F22C122318008A83F4 /* model */,
				9A3593DE2C1222F3008A83F4 /* AppDelegate.swift */,
				9A3593E02C1222F3008A83F4 /* SceneDelegate.swift */,
				9A3593E22C1222F3008A83F4 /* ViewController.swift */,
				9A3593E42C1222F3008A83F4 /* Main.storyboard */,
				9A3593E72C1222F4008A83F4 /* Assets.xcassets */,
				9A3593E92C1222F4008A83F4 /* LaunchScreen.storyboard */,
				9A3593EC2C1222F4008A83F4 /* Info.plist */,
			);
			path = voyage;
			sourceTree = "<group>";
		};
		9A3593F22C122318008A83F4 /* model */ = {
			isa = PBXGroup;
			children = (
				9A7599682C18DDDC00CB3C3B /* translation */,
				9A7599672C18DDC000CB3C3B /* currency */,
			);
			path = model;
			sourceTree = "<group>";
		};
		9A7599672C18DDC000CB3C3B /* currency */ = {
			isa = PBXGroup;
			children = (
				9A3593F72C12643A008A83F4 /* ExchangeRate.swift */,
				9A3593F92C12D8E4008A83F4 /* RatesResponse.swift */,
				9A3593F32C1223AD008A83F4 /* CurrencyRepository.swift */,
			);
			path = currency;
			sourceTree = "<group>";
		};
		9A7599682C18DDDC00CB3C3B /* translation */ = {
			isa = PBXGroup;
			children = (
				9A7599692C18E0C400CB3C3B /* TranslationRepository.swift */,
				9A75996B2C197DB200CB3C3B /* TranslationResponse.swift */,
			);
			path = translation;
			sourceTree = "<group>";
		};
/* End PBXGroup section */

/* Begin PBXNativeTarget section */
		9A3593DA2C1222F3008A83F4 /* voyage */ = {
			isa = PBXNativeTarget;
			buildConfigurationList = 9A3593EF2C1222F4008A83F4 /* Build configuration list for PBXNativeTarget "voyage" */;
			buildPhases = (
				9A3593D72C1222F3008A83F4 /* Sources */,
				9A3593D82C1222F3008A83F4 /* Frameworks */,
				9A3593D92C1222F3008A83F4 /* Resources */,
			);
			buildRules = (
			);
			dependencies = (
			);
			name = voyage;
			productName = voyage;
			productReference = 9A3593DB2C1222F3008A83F4 /* voyage.app */;
			productType = "com.apple.product-type.application";
		};
/* End PBXNativeTarget section */

/* Begin PBXProject section */
		9A3593D32C1222F3008A83F4 /* Project object */ = {
			isa = PBXProject;
			attributes = {
				BuildIndependentTargetsInParallel = 1;
				LastSwiftUpdateCheck = 1530;
				LastUpgradeCheck = 1530;
				TargetAttributes = {
					9A3593DA2C1222F3008A83F4 = {
						CreatedOnToolsVersion = 15.3;
					};
				};
			};
			buildConfigurationList = 9A3593D62C1222F3008A83F4 /* Build configuration list for PBXProject "voyage" */;
			compatibilityVersion = "Xcode 14.0";
			developmentRegion = en;
			hasScannedForEncodings = 0;
			knownRegions = (
				en,
				Base,
			);
			mainGroup = 9A3593D22C1222F3008A83F4;
			productRefGroup = 9A3593DC2C1222F3008A83F4 /* Products */;
			projectDirPath = "";
			projectRoot = "";
			targets = (
				9A3593DA2C1222F3008A83F4 /* voyage */,
			);
		};
/* End PBXProject section */

/* Begin PBXResourcesBuildPhase section */
		9A3593D92C1222F3008A83F4 /* Resources */ = {
			isa = PBXResourcesBuildPhase;
			buildActionMask = 2147483647;
			files = (
				9A3593E82C1222F4008A83F4 /* Assets.xcassets in Resources */,
				9A3593EB2C1222F4008A83F4 /* Base in Resources */,
				9A3593E62C1222F3008A83F4 /* Base in Resources */,
			);
			runOnlyForDeploymentPostprocessing = 0;
		};
/* End PBXResourcesBuildPhase section */

/* Begin PBXSourcesBuildPhase section */
		9A3593D72C1222F3008A83F4 /* Sources */ = {
			isa = PBXSourcesBuildPhase;
			buildActionMask = 2147483647;
			files = (
				9A3593E32C1222F3008A83F4 /* ViewController.swift in Sources */,
				9A3593F82C12643A008A83F4 /* ExchangeRate.swift in Sources */,
				9A75996C2C197DB300CB3C3B /* TranslationResponse.swift in Sources */,
				9A3593FA2C12D8E4008A83F4 /* RatesResponse.swift in Sources */,
				9A3593DF2C1222F3008A83F4 /* AppDelegate.swift in Sources */,
				9A3593F42C1223AD008A83F4 /* CurrencyRepository.swift in Sources */,
				9A75996A2C18E0C400CB3C3B /* TranslationRepository.swift in Sources */,
				9A3593E12C1222F3008A83F4 /* SceneDelegate.swift in Sources */,
			);
			runOnlyForDeploymentPostprocessing = 0;
		};
/* End PBXSourcesBuildPhase section */

/* Begin PBXVariantGroup section */
		9A3593E42C1222F3008A83F4 /* Main.storyboard */ = {
			isa = PBXVariantGroup;
			children = (
				9A3593E52C1222F3008A83F4 /* Base */,
			);
			name = Main.storyboard;
			sourceTree = "<group>";
		};
		9A3593E92C1222F4008A83F4 /* LaunchScreen.storyboard */ = {
			isa = PBXVariantGroup;
			children = (
				9A3593EA2C1222F4008A83F4 /* Base */,
			);
			name = LaunchScreen.storyboard;
			sourceTree = "<group>";
		};
/* End PBXVariantGroup section */

/* Begin XCBuildConfiguration section */
		9A3593ED2C1222F4008A83F4 /* Debug */ = {
			isa = XCBuildConfiguration;
			buildSettings = {
				ALWAYS_SEARCH_USER_PATHS = NO;
				ASSETCATALOG_COMPILER_GENERATE_SWIFT_ASSET_SYMBOL_EXTENSIONS = YES;
				CLANG_ANALYZER_NONNULL = YES;
				CLANG_ANALYZER_NUMBER_OBJECT_CONVERSION = YES_AGGRESSIVE;
				CLANG_CXX_LANGUAGE_STANDARD = "gnu++20";
				CLANG_ENABLE_MODULES = YES;
				CLANG_ENABLE_OBJC_ARC = YES;
				CLANG_ENABLE_OBJC_WEAK = YES;
				CLANG_WARN_BLOCK_CAPTURE_AUTORELEASING = YES;
				CLANG_WARN_BOOL_CONVERSION = YES;
				CLANG_WARN_COMMA = YES;
				CLANG_WARN_CONSTANT_CONVERSION = YES;
				CLANG_WARN_DEPRECATED_OBJC_IMPLEMENTATIONS = YES;
				CLANG_WARN_DIRECT_OBJC_ISA_USAGE = YES_ERROR;
				CLANG_WARN_DOCUMENTATION_COMMENTS = YES;
				CLANG_WARN_EMPTY_BODY = YES;
				CLANG_WARN_ENUM_CONVERSION = YES;
				CLANG_WARN_INFINITE_RECURSION = YES;
				CLANG_WARN_INT_CONVERSION = YES;
				CLANG_WARN_NON_LITERAL_NULL_CONVERSION = YES;
				CLANG_WARN_OBJC_IMPLICIT_RETAIN_SELF = YES;
				CLANG_WARN_OBJC_LITERAL_CONVERSION = YES;
				CLANG_WARN_OBJC_ROOT_CLASS = YES_ERROR;
				CLANG_WARN_QUOTED_INCLUDE_IN_FRAMEWORK_HEADER = YES;
				CLANG_WARN_RANGE_LOOP_ANALYSIS = YES;
				CLANG_WARN_STRICT_PROTOTYPES = YES;
				CLANG_WARN_SUSPICIOUS_MOVE = YES;
				CLANG_WARN_UNGUARDED_AVAILABILITY = YES_AGGRESSIVE;
				CLANG_WARN_UNREACHABLE_CODE = YES;
				CLANG_WARN__DUPLICATE_METHOD_MATCH = YES;
				COPY_PHASE_STRIP = NO;
				DEBUG_INFORMATION_FORMAT = dwarf;
				ENABLE_STRICT_OBJC_MSGSEND = YES;
				ENABLE_TESTABILITY = YES;
				ENABLE_USER_SCRIPT_SANDBOXING = YES;
				GCC_C_LANGUAGE_STANDARD = gnu17;
				GCC_DYNAMIC_NO_PIC = NO;
				GCC_NO_COMMON_BLOCKS = YES;
				GCC_OPTIMIZATION_LEVEL = 0;
				GCC_PREPROCESSOR_DEFINITIONS = (
					"DEBUG=1",
					"$(inherited)",
				);
				GCC_WARN_64_TO_32_BIT_CONVERSION = YES;
				GCC_WARN_ABOUT_RETURN_TYPE = YES_ERROR;
				GCC_WARN_UNDECLARED_SELECTOR = YES;
				GCC_WARN_UNINITIALIZED_AUTOS = YES_AGGRESSIVE;
				GCC_WARN_UNUSED_FUNCTION = YES;
				GCC_WARN_UNUSED_VARIABLE = YES;
				IPHONEOS_DEPLOYMENT_TARGET = 17.4;
				LOCALIZATION_PREFERS_STRING_CATALOGS = YES;
				MTL_ENABLE_DEBUG_INFO = INCLUDE_SOURCE;
				MTL_FAST_MATH = YES;
				ONLY_ACTIVE_ARCH = YES;
				SDKROOT = iphoneos;
				SWIFT_ACTIVE_COMPILATION_CONDITIONS = "DEBUG $(inherited)";
				SWIFT_OPTIMIZATION_LEVEL = "-Onone";
			};
			name = Debug;
		};
		9A3593EE2C1222F4008A83F4 /* Release */ = {
			isa = XCBuildConfiguration;
			buildSettings = {
				ALWAYS_SEARCH_USER_PATHS = NO;
				ASSETCATALOG_COMPILER_GENERATE_SWIFT_ASSET_SYMBOL_EXTENSIONS = YES;
				CLANG_ANALYZER_NONNULL = YES;
				CLANG_ANALYZER_NUMBER_OBJECT_CONVERSION = YES_AGGRESSIVE;
				CLANG_CXX_LANGUAGE_STANDARD = "gnu++20";
				CLANG_ENABLE_MODULES = YES;
				CLANG_ENABLE_OBJC_ARC = YES;
				CLANG_ENABLE_OBJC_WEAK = YES;
				CLANG_WARN_BLOCK_CAPTURE_AUTORELEASING = YES;
				CLANG_WARN_BOOL_CONVERSION = YES;
				CLANG_WARN_COMMA = YES;
				CLANG_WARN_CONSTANT_CONVERSION = YES;
				CLANG_WARN_DEPRECATED_OBJC_IMPLEMENTATIONS = YES;
				CLANG_WARN_DIRECT_OBJC_ISA_USAGE = YES_ERROR;
				CLANG_WARN_DOCUMENTATION_COMMENTS = YES;
				CLANG_WARN_EMPTY_BODY = YES;
				CLANG_WARN_ENUM_CONVERSION = YES;
				CLANG_WARN_INFINITE_RECURSION = YES;
				CLANG_WARN_INT_CONVERSION = YES;
				CLANG_WARN_NON_LITERAL_NULL_CONVERSION = YES;
				CLANG_WARN_OBJC_IMPLICIT_RETAIN_SELF = YES;
				CLANG_WARN_OBJC_LITERAL_CONVERSION = YES;
				CLANG_WARN_OBJC_ROOT_CLASS = YES_ERROR;
				CLANG_WARN_QUOTED_INCLUDE_IN_FRAMEWORK_HEADER = YES;
				CLANG_WARN_RANGE_LOOP_ANALYSIS = YES;
				CLANG_WARN_STRICT_PROTOTYPES = YES;
				CLANG_WARN_SUSPICIOUS_MOVE = YES;
				CLANG_WARN_UNGUARDED_AVAILABILITY = YES_AGGRESSIVE;
				CLANG_WARN_UNREACHABLE_CODE = YES;
				CLANG_WARN__DUPLICATE_METHOD_MATCH = YES;
				COPY_PHASE_STRIP = NO;
				DEBUG_INFORMATION_FORMAT = "dwarf-with-dsym";
				ENABLE_NS_ASSERTIONS = NO;
				ENABLE_STRICT_OBJC_MSGSEND = YES;
				ENABLE_USER_SCRIPT_SANDBOXING = YES;
				GCC_C_LANGUAGE_STANDARD = gnu17;
				GCC_NO_COMMON_BLOCKS = YES;
				GCC_WARN_64_TO_32_BIT_CONVERSION = YES;
				GCC_WARN_ABOUT_RETURN_TYPE = YES_ERROR;
				GCC_WARN_UNDECLARED_SELECTOR = YES;
				GCC_WARN_UNINITIALIZED_AUTOS = YES_AGGRESSIVE;
				GCC_WARN_UNUSED_FUNCTION = YES;
				GCC_WARN_UNUSED_VARIABLE = YES;
				IPHONEOS_DEPLOYMENT_TARGET = 17.4;
				LOCALIZATION_PREFERS_STRING_CATALOGS = YES;
				MTL_ENABLE_DEBUG_INFO = NO;
				MTL_FAST_MATH = YES;
				SDKROOT = iphoneos;
				SWIFT_COMPILATION_MODE = wholemodule;
				VALIDATE_PRODUCT = YES;
			};
			name = Release;
		};
		9A3593F02C1222F4008A83F4 /* Debug */ = {
			isa = XCBuildConfiguration;
			buildSettings = {
				ASSETCATALOG_COMPILER_APPICON_NAME = AppIcon;
				ASSETCATALOG_COMPILER_GLOBAL_ACCENT_COLOR_NAME = AccentColor;
				CODE_SIGN_STYLE = Automatic;
				CURRENT_PROJECT_VERSION = 1;
				DEVELOPMENT_TEAM = C224G98N89;
				GENERATE_INFOPLIST_FILE = YES;
				INFOPLIST_FILE = voyage/Info.plist;
				INFOPLIST_KEY_UIApplicationSupportsIndirectInputEvents = YES;
				INFOPLIST_KEY_UILaunchStoryboardName = LaunchScreen;
				INFOPLIST_KEY_UIMainStoryboardFile = Main;
				INFOPLIST_KEY_UISupportedInterfaceOrientations = UIInterfaceOrientationPortrait;
				INFOPLIST_KEY_UISupportedInterfaceOrientations_iPad = "UIInterfaceOrientationLandscapeLeft UIInterfaceOrientationLandscapeRight UIInterfaceOrientationPortrait UIInterfaceOrientationPortraitUpsideDown";
				LD_RUNPATH_SEARCH_PATHS = (
					"$(inherited)",
					"@executable_path/Frameworks",
				);
				MARKETING_VERSION = 1.0;
				PRODUCT_BUNDLE_IDENTIFIER = com.hugoblas.voyage;
				PRODUCT_NAME = "$(TARGET_NAME)";
				SWIFT_EMIT_LOC_STRINGS = YES;
				SWIFT_VERSION = 5.0;
				TARGETED_DEVICE_FAMILY = "1,2";
			};
			name = Debug;
		};
		9A3593F12C1222F4008A83F4 /* Release */ = {
			isa = XCBuildConfiguration;
			buildSettings = {
				ASSETCATALOG_COMPILER_APPICON_NAME = AppIcon;
				ASSETCATALOG_COMPILER_GLOBAL_ACCENT_COLOR_NAME = AccentColor;
				CODE_SIGN_STYLE = Automatic;
				CURRENT_PROJECT_VERSION = 1;
				DEVELOPMENT_TEAM = C224G98N89;
				GENERATE_INFOPLIST_FILE = YES;
				INFOPLIST_FILE = voyage/Info.plist;
				INFOPLIST_KEY_UIApplicationSupportsIndirectInputEvents = YES;
				INFOPLIST_KEY_UILaunchStoryboardName = LaunchScreen;
				INFOPLIST_KEY_UIMainStoryboardFile = Main;
				INFOPLIST_KEY_UISupportedInterfaceOrientations = UIInterfaceOrientationPortrait;
				INFOPLIST_KEY_UISupportedInterfaceOrientations_iPad = "UIInterfaceOrientationLandscapeLeft UIInterfaceOrientationLandscapeRight UIInterfaceOrientationPortrait UIInterfaceOrientationPortraitUpsideDown";
				LD_RUNPATH_SEARCH_PATHS = (
					"$(inherited)",
					"@executable_path/Frameworks",
				);
				MARKETING_VERSION = 1.0;
				PRODUCT_BUNDLE_IDENTIFIER = com.hugoblas.voyage;
				PRODUCT_NAME = "$(TARGET_NAME)";
				SWIFT_EMIT_LOC_STRINGS = YES;
				SWIFT_VERSION = 5.0;
				TARGETED_DEVICE_FAMILY = "1,2";
			};
			name = Release;
		};
/* End XCBuildConfiguration section */

/* Begin XCConfigurationList section */
		9A3593D62C1222F3008A83F4 /* Build configuration list for PBXProject "voyage" */ = {
			isa = XCConfigurationList;
			buildConfigurations = (
				9A3593ED2C1222F4008A83F4 /* Debug */,
				9A3593EE2C1222F4008A83F4 /* Release */,
			);
			defaultConfigurationIsVisible = 0;
			defaultConfigurationName = Release;
		};
		9A3593EF2C1222F4008A83F4 /* Build configuration list for PBXNativeTarget "voyage" */ = {
			isa = XCConfigurationList;
			buildConfigurations = (
				9A3593F02C1222F4008A83F4 /* Debug */,
				9A3593F12C1222F4008A83F4 /* Release */,
			);
			defaultConfigurationIsVisible = 0;
			defaultConfigurationName = Release;
		};
/* End XCConfigurationList section */
	};
	rootObject = 9A3593D32C1222F3008A83F4 /* Project object */;
}
